
Microsoft Visual Studio Solution File, Format Version 12.00
# Visual Studio Version 16
VisualStudioVersion = 16.0.31005.135
MinimumVisualStudioVersion = 10.0.40219.1
Project("{9A19103F-16F7-4668-BE54-9A1E7A4F7556}") = "EmailClient", "EmailClient.WPF\EmailClient.csproj", "{FD285AC8-0A1B-47B7-AA6A-4603E890F531}"
EndProject
Project("{9A19103F-16F7-4668-BE54-9A1E7A4F7556}") = "EmailClient.Data", "EmailClient.Data\EmailClient.Data.csproj", "{FA4DC48E-1E58-4533-A00F-9083AF1CB46D}"
EndProject
Project("{FAE04EC0-301F-11D3-BF4B-00C04F79EFBC}") = "EmailClient.Bll", "EmailClient.Bll\EmailClient.Bll.csproj", "{B71CE1CF-6B48-4DBF-A21E-12F02D61A8DE}"
EndProject
Global
	GlobalSection(SolutionConfigurationPlatforms) = preSolution
		Debug|Any CPU = Debug|Any CPU
		Release|Any CPU = Release|Any CPU
	EndGlobalSection
	GlobalSection(ProjectConfigurationPlatforms) = postSolution
		{FD285AC8-0A1B-47B7-AA6A-4603E890F531}.Debug|Any CPU.ActiveCfg = Debug|Any CPU
		{FD285AC8-0A1B-47B7-AA6A-4603E890F531}.Debug|Any CPU.Build.0 = Debug|Any CPU
		{FD285AC8-0A1B-47B7-AA6A-4603E890F531}.Release|Any CPU.ActiveCfg = Release|Any CPU
		{FD285AC8-0A1B-47B7-AA6A-4603E890F531}.Release|Any CPU.Build.0 = Release|Any CPU
		{FA4DC48E-1E58-4533-A00F-9083AF1CB46D}.Debug|Any CPU.ActiveCfg = Debug|Any CPU
		{FA4DC48E-1E58-4533-A00F-9083AF1CB46D}.Debug|Any CPU.Build.0 = Debug|Any CPU
		{FA4DC48E-1E58-4533-A00F-9083AF1CB46D}.Release|Any CPU.ActiveCfg = Release|Any CPU
		{FA4DC48E-1E58-4533-A00F-9083AF1CB46D}.Release|Any CPU.Build.0 = Release|Any CPU
		{B71CE1CF-6B48-4DBF-A21E-12F02D61A8DE}.Debug|Any CPU.ActiveCfg = Debug|Any CPU
		{B71CE1CF-6B48-4DBF-A21E-12F02D61A8DE}.Debug|Any CPU.Build.0 = Debug|Any CPU
		{B71CE1CF-6B48-4DBF-A21E-12F02D61A8DE}.Release|Any CPU.ActiveCfg = Release|Any CPU
		{B71CE1CF-6B48-4DBF-A21E-12F02D61A8DE}.Release|Any CPU.Build.0 = Release|Any CPU
	EndGlobalSection
	GlobalSection(SolutionProperties) = preSolution
		HideSolutionNode = FALSE
	EndGlobalSection
	GlobalSection(ExtensibilityGlobals) = postSolution
		SolutionGuid = {F06FD52A-8DF9-4715-B894-1293F8AD9EFB}
	EndGlobalSection
EndGlobal
