
Microsoft Visual Studio Solution File, Format Version 12.00
# Visual Studio Version 16
VisualStudioVersion = 16.0.31005.135
MinimumVisualStudioVersion = 10.0.40219.1
Project("{9A19103F-16F7-4668-BE54-9A1E7A4F7556}") = "EmailClient.Data", "..\EmailClient.Data\EmailClient.Data.csproj", "{336808D0-A714-4EC0-83EA-0544DCC57C2C}"
EndProject
Project("{9A19103F-16F7-4668-BE54-9A1E7A4F7556}") = "EmailClient", "EmailClient.csproj", "{38E55E13-67C8-496B-8A7F-6221F94BDFAC}"
EndProject
Global
	GlobalSection(SolutionConfigurationPlatforms) = preSolution
		Debug|Any CPU = Debug|Any CPU
		Release|Any CPU = Release|Any CPU
	EndGlobalSection
	GlobalSection(ProjectConfigurationPlatforms) = postSolution
		{336808D0-A714-4EC0-83EA-0544DCC57C2C}.Debug|Any CPU.ActiveCfg = Debug|Any CPU
		{336808D0-A714-4EC0-83EA-0544DCC57C2C}.Debug|Any CPU.Build.0 = Debug|Any CPU
		{336808D0-A714-4EC0-83EA-0544DCC57C2C}.Release|Any CPU.ActiveCfg = Release|Any CPU
		{336808D0-A714-4EC0-83EA-0544DCC57C2C}.Release|Any CPU.Build.0 = Release|Any CPU
		{38E55E13-67C8-496B-8A7F-6221F94BDFAC}.Debug|Any CPU.ActiveCfg = Debug|Any CPU
		{38E55E13-67C8-496B-8A7F-6221F94BDFAC}.Debug|Any CPU.Build.0 = Debug|Any CPU
		{38E55E13-67C8-496B-8A7F-6221F94BDFAC}.Release|Any CPU.ActiveCfg = Release|Any CPU
		{38E55E13-67C8-496B-8A7F-6221F94BDFAC}.Release|Any CPU.Build.0 = Release|Any CPU
	EndGlobalSection
	GlobalSection(SolutionProperties) = preSolution
		HideSolutionNode = FALSE
	EndGlobalSection
	GlobalSection(ExtensibilityGlobals) = postSolution
		SolutionGuid = {F06FD52A-8DF9-4715-B894-1293F8AD9EFB}
	EndGlobalSection
EndGlobal
